github.com/zeddy-go/zeddy v0.0.0-20240402094426-1912cac1135a h1:N3Z/x7hp0OTKnocoAM1L6ODyTC0QouDanxuis7TpC/w=
github.com/zeddy-go/zeddy v0.0.0-20240402094426-1912cac1135a/go.mod h1:FYZcZ3ONwDsN1n/PjN5t6r7qKCI7oAVvmTLCXdS38+c=
github.com/zeddy-go/zeddy v0.0.0-20240408023852-2dd25a0b5ee3 h1:OxGLs1JikBQT5eIuL9VYkxThQBZRrfafEWDR8MWxCF8=
github.com/zeddy-go/zeddy v0.0.0-20240408023852-2dd25a0b5ee3/go.mod h1:yyYcXC+KZizgTX3a/gW7NfAuZJfZC5FlVraMXLs+5iM=
